// !$*UTF8*$!
{
	archiveVersion = 1;
	classes = {
	};
	objectVersion = 48;
	objects = {

/* Begin PBXBuildFile section */
		31C8C7E9155B124F2C660059 /* Pods_SwiftyProteins.framework in Frameworks */ = {isa = PBXBuildFile; fileRef = 4C1BE2D25AB14E3BDBE8EA45 /* Pods_SwiftyProteins.framework */; };
		EC02FA75205BD6B9006F6A67 /* Link.swift in Sources */ = {isa = PBXBuildFile; fileRef = EC02FA74205BD6B9006F6A67 /* Link.swift */; };
		EC269333205A6B870022F39E /* AppDelegate.swift in Sources */ = {isa = PBXBuildFile; fileRef = EC269332205A6B870022F39E /* AppDelegate.swift */; };
		EC269335205A6B870022F39E /* LigandsController.swift in Sources */ = {isa = PBXBuildFile; fileRef = EC269334205A6B870022F39E /* LigandsController.swift */; };
		EC26933A205A6B870022F39E /* Assets.xcassets in Resources */ = {isa = PBXBuildFile; fileRef = EC269339205A6B870022F39E /* Assets.xcassets */; };
		EC26933D205A6B870022F39E /* LaunchScreen.storyboard in Resources */ = {isa = PBXBuildFile; fileRef = EC26933B205A6B870022F39E /* LaunchScreen.storyboard */; };
		EC269347205A70670022F39E /* LigantCell.swift in Sources */ = {isa = PBXBuildFile; fileRef = EC269346205A70670022F39E /* LigantCell.swift */; };
		EC269349205A77230022F39E /* ProteinController.swift in Sources */ = {isa = PBXBuildFile; fileRef = EC269348205A77230022F39E /* ProteinController.swift */; };
		EC26934B205A77E90022F39E /* AuthenticationController.swift in Sources */ = {isa = PBXBuildFile; fileRef = EC26934A205A77E90022F39E /* AuthenticationController.swift */; };
		EC26934D205A7E340022F39E /* Constants.swift in Sources */ = {isa = PBXBuildFile; fileRef = EC26934C205A7E340022F39E /* Constants.swift */; };
		EC26934F205AB87F0022F39E /* ligands.txt in Resources */ = {isa = PBXBuildFile; fileRef = EC26934E205AB87F0022F39E /* ligands.txt */; };
		EC269352205AB9A30022F39E /* LigandsService.swift in Sources */ = {isa = PBXBuildFile; fileRef = EC269351205AB9A30022F39E /* LigandsService.swift */; };
		ECA0F0CC205BCB9900B7DA22 /* Coordinate.swift in Sources */ = {isa = PBXBuildFile; fileRef = ECA0F0CB205BCB9900B7DA22 /* Coordinate.swift */; };
		ECA0F0CE205BCBE400B7DA22 /* Atom.swift in Sources */ = {isa = PBXBuildFile; fileRef = ECA0F0CD205BCBE400B7DA22 /* Atom.swift */; };
		ECA0F0D0205BCDBC00B7DA22 /* Ligand.swift in Sources */ = {isa = PBXBuildFile; fileRef = ECA0F0CF205BCDBC00B7DA22 /* Ligand.swift */; };
/* End PBXBuildFile section */

/* Begin PBXFileReference section */
		2C76F09256BD8E29960E37CE /* Pods-SwiftyProteins.release.xcconfig */ = {isa = PBXFileReference; includeInIndex = 1; lastKnownFileType = text.xcconfig; name = "Pods-SwiftyProteins.release.xcconfig"; path = "Pods/Target Support Files/Pods-SwiftyProteins/Pods-SwiftyProteins.release.xcconfig"; sourceTree = "<group>"; };
		4C1BE2D25AB14E3BDBE8EA45 /* Pods_SwiftyProteins.framework */ = {isa = PBXFileReference; explicitFileType = wrapper.framework; includeInIndex = 0; path = Pods_SwiftyProteins.framework; sourceTree = BUILT_PRODUCTS_DIR; };
		53C85320DBA2415D7C75251B /* Pods-SwiftyProteins.debug.xcconfig */ = {isa = PBXFileReference; includeInIndex = 1; lastKnownFileType = text.xcconfig; name = "Pods-SwiftyProteins.debug.xcconfig"; path = "Pods/Target Support Files/Pods-SwiftyProteins/Pods-SwiftyProteins.debug.xcconfig"; sourceTree = "<group>"; };
		EC02FA74205BD6B9006F6A67 /* Link.swift */ = {isa = PBXFileReference; lastKnownFileType = sourcecode.swift; path = Link.swift; sourceTree = "<group>"; };
		EC26932F205A6B870022F39E /* SwiftyProteins.app */ = {isa = PBXFileReference; explicitFileType = wrapper.application; includeInIndex = 0; path = SwiftyProteins.app; sourceTree = BUILT_PRODUCTS_DIR; };
		EC269332205A6B870022F39E /* AppDelegate.swift */ = {isa = PBXFileReference; lastKnownFileType = sourcecode.swift; path = AppDelegate.swift; sourceTree = "<group>"; };
		EC269334205A6B870022F39E /* LigandsController.swift */ = {isa = PBXFileReference; lastKnownFileType = sourcecode.swift; path = LigandsController.swift; sourceTree = "<group>"; };
		EC269339205A6B870022F39E /* Assets.xcassets */ = {isa = PBXFileReference; lastKnownFileType = folder.assetcatalog; path = Assets.xcassets; sourceTree = "<group>"; };
		EC26933C205A6B870022F39E /* Base */ = {isa = PBXFileReference; lastKnownFileType = file.storyboard; name = Base; path = Base.lproj/LaunchScreen.storyboard; sourceTree = "<group>"; };
		EC26933E205A6B870022F39E /* Info.plist */ = {isa = PBXFileReference; lastKnownFileType = text.plist.xml; path = Info.plist; sourceTree = "<group>"; };
		EC269346205A70670022F39E /* LigantCell.swift */ = {isa = PBXFileReference; lastKnownFileType = sourcecode.swift; path = LigantCell.swift; sourceTree = "<group>"; };
		EC269348205A77230022F39E /* ProteinController.swift */ = {isa = PBXFileReference; lastKnownFileType = sourcecode.swift; path = ProteinController.swift; sourceTree = "<group>"; };
		EC26934A205A77E90022F39E /* AuthenticationController.swift */ = {isa = PBXFileReference; lastKnownFileType = sourcecode.swift; path = AuthenticationController.swift; sourceTree = "<group>"; };
		EC26934C205A7E340022F39E /* Constants.swift */ = {isa = PBXFileReference; lastKnownFileType = sourcecode.swift; path = Constants.swift; sourceTree = "<group>"; };
		EC26934E205AB87F0022F39E /* ligands.txt */ = {isa = PBXFileReference; fileEncoding = 4; lastKnownFileType = text; path = ligands.txt; sourceTree = "<group>"; };
		EC269351205AB9A30022F39E /* LigandsService.swift */ = {isa = PBXFileReference; lastKnownFileType = sourcecode.swift; path = LigandsService.swift; sourceTree = "<group>"; };
		ECA0F0CB205BCB9900B7DA22 /* Coordinate.swift */ = {isa = PBXFileReference; lastKnownFileType = sourcecode.swift; path = Coordinate.swift; sourceTree = "<group>"; };
		ECA0F0CD205BCBE400B7DA22 /* Atom.swift */ = {isa = PBXFileReference; lastKnownFileType = sourcecode.swift; name = Atom.swift; path = /Users/alegent/Works/SwiftyProteins/SwiftyProteins/Models/Atom.swift; sourceTree = "<absolute>"; };
		ECA0F0CF205BCDBC00B7DA22 /* Ligand.swift */ = {isa = PBXFileReference; lastKnownFileType = sourcecode.swift; path = Ligand.swift; sourceTree = "<group>"; };
/* End PBXFileReference section */

/* Begin PBXFrameworksBuildPhase section */
		EC26932C205A6B870022F39E /* Frameworks */ = {
			isa = PBXFrameworksBuildPhase;
			buildActionMask = 2147483647;
			files = (
				31C8C7E9155B124F2C660059 /* Pods_SwiftyProteins.framework in Frameworks */,
			);
			runOnlyForDeploymentPostprocessing = 0;
		};
/* End PBXFrameworksBuildPhase section */

/* Begin PBXGroup section */
		97A1771C6102BCC91A5EF515 /* Frameworks */ = {
			isa = PBXGroup;
			children = (
				4C1BE2D25AB14E3BDBE8EA45 /* Pods_SwiftyProteins.framework */,
			);
			name = Frameworks;
			sourceTree = "<group>";
		};
		B51441E5E140361B64A9C180 /* Pods */ = {
			isa = PBXGroup;
			children = (
				53C85320DBA2415D7C75251B /* Pods-SwiftyProteins.debug.xcconfig */,
				2C76F09256BD8E29960E37CE /* Pods-SwiftyProteins.release.xcconfig */,
			);
			name = Pods;
			sourceTree = "<group>";
		};
		EC269326205A6B870022F39E = {
			isa = PBXGroup;
			children = (
				EC269331205A6B870022F39E /* SwiftyProteins */,
				EC269330205A6B870022F39E /* Products */,
				B51441E5E140361B64A9C180 /* Pods */,
				97A1771C6102BCC91A5EF515 /* Frameworks */,
			);
			sourceTree = "<group>";
		};
		EC269330205A6B870022F39E /* Products */ = {
			isa = PBXGroup;
			children = (
				EC26932F205A6B870022F39E /* SwiftyProteins.app */,
			);
			name = Products;
			sourceTree = "<group>";
		};
		EC269331205A6B870022F39E /* SwiftyProteins */ = {
			isa = PBXGroup;
			children = (
				EC269332205A6B870022F39E /* AppDelegate.swift */,
				EC26934C205A7E340022F39E /* Constants.swift */,
				EC269344205A6EBF0022F39E /* Controllers */,
				ECA0F0CA205BCB7200B7DA22 /* Models */,
				EC269345205A6FC70022F39E /* Views */,
				EC269350205AB98D0022F39E /* Services */,
				EC26934E205AB87F0022F39E /* ligands.txt */,
				EC269339205A6B870022F39E /* Assets.xcassets */,
				EC26933B205A6B870022F39E /* LaunchScreen.storyboard */,
				EC26933E205A6B870022F39E /* Info.plist */,
			);
			path = SwiftyProteins;
			sourceTree = "<group>";
		};
		EC269344205A6EBF0022F39E /* Controllers */ = {
			isa = PBXGroup;
			children = (
				EC26934A205A77E90022F39E /* AuthenticationController.swift */,
				EC269334205A6B870022F39E /* LigandsController.swift */,
				EC269348205A77230022F39E /* ProteinController.swift */,
			);
			path = Controllers;
			sourceTree = "<group>";
		};
		EC269345205A6FC70022F39E /* Views */ = {
			isa = PBXGroup;
			children = (
				EC269346205A70670022F39E /* LigantCell.swift */,
			);
			path = Views;
			sourceTree = "<group>";
		};
		EC269350205AB98D0022F39E /* Services */ = {
			isa = PBXGroup;
			children = (
				EC269351205AB9A30022F39E /* LigandsService.swift */,
			);
			path = Services;
			sourceTree = "<group>";
		};
		ECA0F0CA205BCB7200B7DA22 /* Models */ = {
			isa = PBXGroup;
			children = (
				ECA0F0CD205BCBE400B7DA22 /* Atom.swift */,
				ECA0F0CB205BCB9900B7DA22 /* Coordinate.swift */,
				EC02FA74205BD6B9006F6A67 /* Link.swift */,
				ECA0F0CF205BCDBC00B7DA22 /* Ligand.swift */,
			);
			path = Models;
			sourceTree = "<group>";
		};
/* End PBXGroup section */

/* Begin PBXNativeTarget section */
		EC26932E205A6B870022F39E /* SwiftyProteins */ = {
			isa = PBXNativeTarget;
			buildConfigurationList = EC269341205A6B870022F39E /* Build configuration list for PBXNativeTarget "SwiftyProteins" */;
			buildPhases = (
				81938B1ABA73E81A1B32827C /* [CP] Check Pods Manifest.lock */,
				EC26932B205A6B870022F39E /* Sources */,
				EC26932C205A6B870022F39E /* Frameworks */,
				EC26932D205A6B870022F39E /* Resources */,
				02BFBCDCC099303E68EC4D37 /* [CP] Embed Pods Frameworks */,
				5F51F475640C1AB1B097E1E4 /* [CP] Copy Pods Resources */,
			);
			buildRules = (
			);
			dependencies = (
			);
			name = SwiftyProteins;
			productName = SwiftyProteins;
			productReference = EC26932F205A6B870022F39E /* SwiftyProteins.app */;
			productType = "com.apple.product-type.application";
		};
/* End PBXNativeTarget section */

/* Begin PBXProject section */
		EC269327205A6B870022F39E /* Project object */ = {
			isa = PBXProject;
			attributes = {
				LastSwiftUpdateCheck = 0920;
				LastUpgradeCheck = 0920;
				ORGANIZATIONNAME = "Alexandre LEGENT";
				TargetAttributes = {
					EC26932E205A6B870022F39E = {
						CreatedOnToolsVersion = 9.2;
						ProvisioningStyle = Automatic;
					};
				};
			};
			buildConfigurationList = EC26932A205A6B870022F39E /* Build configuration list for PBXProject "SwiftyProteins" */;
			compatibilityVersion = "Xcode 8.0";
			developmentRegion = en;
			hasScannedForEncodings = 0;
			knownRegions = (
				en,
				Base,
			);
			mainGroup = EC269326205A6B870022F39E;
			productRefGroup = EC269330205A6B870022F39E /* Products */;
			projectDirPath = "";
			projectRoot = "";
			targets = (
				EC26932E205A6B870022F39E /* SwiftyProteins */,
			);
		};
/* End PBXProject section */

/* Begin PBXResourcesBuildPhase section */
		EC26932D205A6B870022F39E /* Resources */ = {
			isa = PBXResourcesBuildPhase;
			buildActionMask = 2147483647;
			files = (
				EC26933D205A6B870022F39E /* LaunchScreen.storyboard in Resources */,
				EC26934F205AB87F0022F39E /* ligands.txt in Resources */,
				EC26933A205A6B870022F39E /* Assets.xcassets in Resources */,
			);
			runOnlyForDeploymentPostprocessing = 0;
		};
/* End PBXResourcesBuildPhase section */

/* Begin PBXShellScriptBuildPhase section */
		02BFBCDCC099303E68EC4D37 /* [CP] Embed Pods Frameworks */ = {
			isa = PBXShellScriptBuildPhase;
			buildActionMask = 2147483647;
			files = (
			);
			inputPaths = (
				"${SRCROOT}/Pods/Target Support Files/Pods-SwiftyProteins/Pods-SwiftyProteins-frameworks.sh",
				"${BUILT_PRODUCTS_DIR}/ToolboxLGNT/ToolboxLGNT.framework",
			);
			name = "[CP] Embed Pods Frameworks";
			outputPaths = (
				"${TARGET_BUILD_DIR}/${FRAMEWORKS_FOLDER_PATH}/ToolboxLGNT.framework",
			);
			runOnlyForDeploymentPostprocessing = 0;
			shellPath = /bin/sh;
			shellScript = "\"${SRCROOT}/Pods/Target Support Files/Pods-SwiftyProteins/Pods-SwiftyProteins-frameworks.sh\"\n";
			showEnvVarsInLog = 0;
		};
		5F51F475640C1AB1B097E1E4 /* [CP] Copy Pods Resources */ = {
			isa = PBXShellScriptBuildPhase;
			buildActionMask = 2147483647;
			files = (
			);
			inputPaths = (
			);
			name = "[CP] Copy Pods Resources";
			outputPaths = (
			);
			runOnlyForDeploymentPostprocessing = 0;
			shellPath = /bin/sh;
			shellScript = "\"${SRCROOT}/Pods/Target Support Files/Pods-SwiftyProteins/Pods-SwiftyProteins-resources.sh\"\n";
			showEnvVarsInLog = 0;
		};
		81938B1ABA73E81A1B32827C /* [CP] Check Pods Manifest.lock */ = {
			isa = PBXShellScriptBuildPhase;
			buildActionMask = 2147483647;
			files = (
			);
			inputPaths = (
				"${PODS_PODFILE_DIR_PATH}/Podfile.lock",
				"${PODS_ROOT}/Manifest.lock",
			);
			name = "[CP] Check Pods Manifest.lock";
			outputPaths = (
				"$(DERIVED_FILE_DIR)/Pods-SwiftyProteins-checkManifestLockResult.txt",
			);
			runOnlyForDeploymentPostprocessing = 0;
			shellPath = /bin/sh;
			shellScript = "diff \"${PODS_PODFILE_DIR_PATH}/Podfile.lock\" \"${PODS_ROOT}/Manifest.lock\" > /dev/null\nif [ $? != 0 ] ; then\n    # print error to STDERR\n    echo \"error: The sandbox is not in sync with the Podfile.lock. Run 'pod install' or update your CocoaPods installation.\" >&2\n    exit 1\nfi\n# This output is used by Xcode 'outputs' to avoid re-running this script phase.\necho \"SUCCESS\" > \"${SCRIPT_OUTPUT_FILE_0}\"\n";
			showEnvVarsInLog = 0;
		};
/* End PBXShellScriptBuildPhase section */

/* Begin PBXSourcesBuildPhase section */
		EC26932B205A6B870022F39E /* Sources */ = {
			isa = PBXSourcesBuildPhase;
			buildActionMask = 2147483647;
			files = (
				EC269335205A6B870022F39E /* LigandsController.swift in Sources */,
				ECA0F0CE205BCBE400B7DA22 /* Atom.swift in Sources */,
				EC269347205A70670022F39E /* LigantCell.swift in Sources */,
				EC269333205A6B870022F39E /* AppDelegate.swift in Sources */,
				EC02FA75205BD6B9006F6A67 /* Link.swift in Sources */,
				ECA0F0CC205BCB9900B7DA22 /* Coordinate.swift in Sources */,
				EC269349205A77230022F39E /* ProteinController.swift in Sources */,
				ECA0F0D0205BCDBC00B7DA22 /* Ligand.swift in Sources */,
				EC269352205AB9A30022F39E /* LigandsService.swift in Sources */,
				EC26934B205A77E90022F39E /* AuthenticationController.swift in Sources */,
				EC26934D205A7E340022F39E /* Constants.swift in Sources */,
			);
			runOnlyForDeploymentPostprocessing = 0;
		};
/* End PBXSourcesBuildPhase section */

/* Begin PBXVariantGroup section */
		EC26933B205A6B870022F39E /* LaunchScreen.storyboard */ = {
			isa = PBXVariantGroup;
			children = (
				EC26933C205A6B870022F39E /* Base */,
			);
			name = LaunchScreen.storyboard;
			sourceTree = "<group>";
		};
/* End PBXVariantGroup section */

/* Begin XCBuildConfiguration section */
		EC26933F205A6B870022F39E /* Debug */ = {
			isa = XCBuildConfiguration;
			buildSettings = {
				ALWAYS_SEARCH_USER_PATHS = NO;
				CLANG_ANALYZER_NONNULL = YES;
				CLANG_ANALYZER_NUMBER_OBJECT_CONVERSION = YES_AGGRESSIVE;
				CLANG_CXX_LANGUAGE_STANDARD = "gnu++14";
				CLANG_CXX_LIBRARY = "libc++";
				CLANG_ENABLE_MODULES = YES;
				CLANG_ENABLE_OBJC_ARC = YES;
				CLANG_WARN_BLOCK_CAPTURE_AUTORELEASING = YES;
				CLANG_WARN_BOOL_CONVERSION = YES;
				CLANG_WARN_COMMA = YES;
				CLANG_WARN_CONSTANT_CONVERSION = YES;
				CLANG_WARN_DIRECT_OBJC_ISA_USAGE = YES_ERROR;
				CLANG_WARN_DOCUMENTATION_COMMENTS = YES;
				CLANG_WARN_EMPTY_BODY = YES;
				CLANG_WARN_ENUM_CONVERSION = YES;
				CLANG_WARN_INFINITE_RECURSION = YES;
				CLANG_WARN_INT_CONVERSION = YES;
				CLANG_WARN_NON_LITERAL_NULL_CONVERSION = YES;
				CLANG_WARN_OBJC_LITERAL_CONVERSION = YES;
				CLANG_WARN_OBJC_ROOT_CLASS = YES_ERROR;
				CLANG_WARN_RANGE_LOOP_ANALYSIS = YES;
				CLANG_WARN_STRICT_PROTOTYPES = YES;
				CLANG_WARN_SUSPICIOUS_MOVE = YES;
				CLANG_WARN_UNGUARDED_AVAILABILITY = YES_AGGRESSIVE;
				CLANG_WARN_UNREACHABLE_CODE = YES;
				CLANG_WARN__DUPLICATE_METHOD_MATCH = YES;
				CODE_SIGN_IDENTITY = "iPhone Developer";
				COPY_PHASE_STRIP = NO;
				DEBUG_INFORMATION_FORMAT = dwarf;
				ENABLE_STRICT_OBJC_MSGSEND = YES;
				ENABLE_TESTABILITY = YES;
				GCC_C_LANGUAGE_STANDARD = gnu11;
				GCC_DYNAMIC_NO_PIC = NO;
				GCC_NO_COMMON_BLOCKS = YES;
				GCC_OPTIMIZATION_LEVEL = 0;
				GCC_PREPROCESSOR_DEFINITIONS = (
					"DEBUG=1",
					"$(inherited)",
				);
				GCC_WARN_64_TO_32_BIT_CONVERSION = YES;
				GCC_WARN_ABOUT_RETURN_TYPE = YES_ERROR;
				GCC_WARN_UNDECLARED_SELECTOR = YES;
				GCC_WARN_UNINITIALIZED_AUTOS = YES_AGGRESSIVE;
				GCC_WARN_UNUSED_FUNCTION = YES;
				GCC_WARN_UNUSED_VARIABLE = YES;
				IPHONEOS_DEPLOYMENT_TARGET = 11.2;
				MTL_ENABLE_DEBUG_INFO = YES;
				ONLY_ACTIVE_ARCH = YES;
				SDKROOT = iphoneos;
				SWIFT_ACTIVE_COMPILATION_CONDITIONS = DEBUG;
				SWIFT_OPTIMIZATION_LEVEL = "-Onone";
			};
			name = Debug;
		};
		EC269340205A6B870022F39E /* Release */ = {
			isa = XCBuildConfiguration;
			buildSettings = {
				ALWAYS_SEARCH_USER_PATHS = NO;
				CLANG_ANALYZER_NONNULL = YES;
				CLANG_ANALYZER_NUMBER_OBJECT_CONVERSION = YES_AGGRESSIVE;
				CLANG_CXX_LANGUAGE_STANDARD = "gnu++14";
				CLANG_CXX_LIBRARY = "libc++";
				CLANG_ENABLE_MODULES = YES;
				CLANG_ENABLE_OBJC_ARC = YES;
				CLANG_WARN_BLOCK_CAPTURE_AUTORELEASING = YES;
				CLANG_WARN_BOOL_CONVERSION = YES;
				CLANG_WARN_COMMA = YES;
				CLANG_WARN_CONSTANT_CONVERSION = YES;
				CLANG_WARN_DIRECT_OBJC_ISA_USAGE = YES_ERROR;
				CLANG_WARN_DOCUMENTATION_COMMENTS = YES;
				CLANG_WARN_EMPTY_BODY = YES;
				CLANG_WARN_ENUM_CONVERSION = YES;
				CLANG_WARN_INFINITE_RECURSION = YES;
				CLANG_WARN_INT_CONVERSION = YES;
				CLANG_WARN_NON_LITERAL_NULL_CONVERSION = YES;
				CLANG_WARN_OBJC_LITERAL_CONVERSION = YES;
				CLANG_WARN_OBJC_ROOT_CLASS = YES_ERROR;
				CLANG_WARN_RANGE_LOOP_ANALYSIS = YES;
				CLANG_WARN_STRICT_PROTOTYPES = YES;
				CLANG_WARN_SUSPICIOUS_MOVE = YES;
				CLANG_WARN_UNGUARDED_AVAILABILITY = YES_AGGRESSIVE;
				CLANG_WARN_UNREACHABLE_CODE = YES;
				CLANG_WARN__DUPLICATE_METHOD_MATCH = YES;
				CODE_SIGN_IDENTITY = "iPhone Developer";
				COPY_PHASE_STRIP = NO;
				DEBUG_INFORMATION_FORMAT = "dwarf-with-dsym";
				ENABLE_NS_ASSERTIONS = NO;
				ENABLE_STRICT_OBJC_MSGSEND = YES;
				GCC_C_LANGUAGE_STANDARD = gnu11;
				GCC_NO_COMMON_BLOCKS = YES;
				GCC_WARN_64_TO_32_BIT_CONVERSION = YES;
				GCC_WARN_ABOUT_RETURN_TYPE = YES_ERROR;
				GCC_WARN_UNDECLARED_SELECTOR = YES;
				GCC_WARN_UNINITIALIZED_AUTOS = YES_AGGRESSIVE;
				GCC_WARN_UNUSED_FUNCTION = YES;
				GCC_WARN_UNUSED_VARIABLE = YES;
				IPHONEOS_DEPLOYMENT_TARGET = 11.2;
				MTL_ENABLE_DEBUG_INFO = NO;
				SDKROOT = iphoneos;
				SWIFT_OPTIMIZATION_LEVEL = "-Owholemodule";
				VALIDATE_PRODUCT = YES;
			};
			name = Release;
		};
		EC269342205A6B870022F39E /* Debug */ = {
			isa = XCBuildConfiguration;
			baseConfigurationReference = 53C85320DBA2415D7C75251B /* Pods-SwiftyProteins.debug.xcconfig */;
			buildSettings = {
				ASSETCATALOG_COMPILER_APPICON_NAME = AppIcon;
				CODE_SIGN_STYLE = Automatic;
				INFOPLIST_FILE = SwiftyProteins/Info.plist;
				LD_RUNPATH_SEARCH_PATHS = "$(inherited) @executable_path/Frameworks";
				PRODUCT_BUNDLE_IDENTIFIER = fr.alegent.SwiftyProteins;
				PRODUCT_NAME = "$(TARGET_NAME)";
				SWIFT_VERSION = 4.0;
				TARGETED_DEVICE_FAMILY = "1,2";
			};
			name = Debug;
		};
		EC269343205A6B870022F39E /* Release */ = {
			isa = XCBuildConfiguration;
			baseConfigurationReference = 2C76F09256BD8E29960E37CE /* Pods-SwiftyProteins.release.xcconfig */;
			buildSettings = {
				ASSETCATALOG_COMPILER_APPICON_NAME = AppIcon;
				CODE_SIGN_STYLE = Automatic;
				INFOPLIST_FILE = SwiftyProteins/Info.plist;
				LD_RUNPATH_SEARCH_PATHS = "$(inherited) @executable_path/Frameworks";
				PRODUCT_BUNDLE_IDENTIFIER = fr.alegent.SwiftyProteins;
				PRODUCT_NAME = "$(TARGET_NAME)";
				SWIFT_VERSION = 4.0;
				TARGETED_DEVICE_FAMILY = "1,2";
			};
			name = Release;
		};
/* End XCBuildConfiguration section */

/* Begin XCConfigurationList section */
		EC26932A205A6B870022F39E /* Build configuration list for PBXProject "SwiftyProteins" */ = {
			isa = XCConfigurationList;
			buildConfigurations = (
				EC26933F205A6B870022F39E /* Debug */,
				EC269340205A6B870022F39E /* Release */,
			);
			defaultConfigurationIsVisible = 0;
			defaultConfigurationName = Release;
		};
		EC269341205A6B870022F39E /* Build configuration list for PBXNativeTarget "SwiftyProteins" */ = {
			isa = XCConfigurationList;
			buildConfigurations = (
				EC269342205A6B870022F39E /* Debug */,
				EC269343205A6B870022F39E /* Release */,
			);
			defaultConfigurationIsVisible = 0;
			defaultConfigurationName = Release;
		};
/* End XCConfigurationList section */
	};
	rootObject = EC269327205A6B870022F39E /* Project object */;
}
